# THIS IS AN AUTOGENERATED FILE. DO NOT EDIT THIS FILE DIRECTLY.
# yarn lockfile v1


"@types/lodash.times@^4.3.4":
  version "4.3.4"
  resolved "https://registry.yarnpkg.com/@types/lodash.times/-/lodash.times-4.3.4.tgz#cfa5f73b32d36d1b2c1b1443da77944caccea6e9"
  dependencies:
    "@types/lodash" "*"

"@types/lodash@*":
  version "4.14.118"
  resolved "https://registry.yarnpkg.com/@types/lodash/-/lodash-4.14.118.tgz#247bab39bfcc6d910d4927c6e06cbc70ec376f27"

"@types/node@^10.12.9":
  version "10.12.9"
  resolved "https://registry.yarnpkg.com/@types/node/-/node-10.12.9.tgz#a07bfa74331471e1dc22a47eb72026843f7b95c8"

"@types/prop-types@*":
  version "15.5.6"
  resolved "https://registry.yarnpkg.com/@types/prop-types/-/prop-types-15.5.6.tgz#9c03d3fed70a8d517c191b7734da2879b50ca26c"

"@types/react@^16.7.6":
  version "16.7.6"
  resolved "https://registry.yarnpkg.com/@types/react/-/react-16.7.6.tgz#80e4bab0d0731ad3ae51f320c4b08bdca5f03040"
  dependencies:
    "@types/prop-types" "*"
    csstype "^2.2.0"

csstype@^2.2.0:
  version "2.5.7"
  resolved "https://registry.yarnpkg.com/csstype/-/csstype-2.5.7.tgz#bf9235d5872141eccfb2d16d82993c6b149179ff"

lodash.times@^4.3.2:
  version "4.3.2"
  resolved "https://registry.yarnpkg.com/lodash.times/-/lodash.times-4.3.2.tgz#3e1f2565c431754d54ab57f2ed1741939285ca1d"

lodash@^4.17.4:
  version "4.17.4"
  resolved "https://registry.yarnpkg.com/lodash/-/lodash-4.17.4.tgz#78203a4d1c328ae1d86dca6460e369b57f4055ae"

typescript@^2.8.3:
  version "2.9.2"
  resolved "https://registry.yarnpkg.com/typescript/-/typescript-2.9.2.tgz#1cbf61d05d6b96269244eb6a3bce4bd914e0f00c"
